
Microsoft Visual Studio Solution File, Format Version 12.00
# Visual Studio Version 17
VisualStudioVersion = 17.5.33424.131
MinimumVisualStudioVersion = 10.0.40219.1
Project("{9A19103F-16F7-4668-BE54-9A1E7A4F7556}") = "InsurgencyWeapons", "InsurgencyWeapons.csproj", "{327DA6DB-C3B5-4E21-A80B-C4177B0A4BDD}"
EndProject
Global
	GlobalSection(SolutionConfigurationPlatforms) = preSolution
		Debug|Any CPU = Debug|Any CPU
		Release|Any CPU = Release|Any CPU
	EndGlobalSection
	GlobalSection(ProjectConfigurationPlatforms) = postSolution
		{327DA6DB-C3B5-4E21-A80B-C4177B0A4BDD}.Debug|Any CPU.ActiveCfg = Debug|Any CPU
		{327DA6DB-C3B5-4E21-A80B-C4177B0A4BDD}.Debug|Any CPU.Build.0 = Debug|Any CPU
		{327DA6DB-C3B5-4E21-A80B-C4177B0A4BDD}.Release|Any CPU.ActiveCfg = Release|Any CPU
		{327DA6DB-C3B5-4E21-A80B-C4177B0A4BDD}.Release|Any CPU.Build.0 = Release|Any CPU
	EndGlobalSection
	GlobalSection(SolutionProperties) = preSolution
		HideSolutionNode = FALSE
	EndGlobalSection
	GlobalSection(ExtensibilityGlobals) = postSolution
		SolutionGuid = {E771FA2F-4D93-4B87-A846-9482A397032F}
	EndGlobalSection
EndGlobal
